
Microsoft Visual Studio Solution File, Format Version 12.00
# Visual Studio Version 17
VisualStudioVersion = 17.2.32630.192
MinimumVisualStudioVersion = 10.0.40219.1
Project("{FAE04EC0-301F-11D3-BF4B-00C04F79EFBC}") = "FlightsSytem.API", "FlightsSytem.API\FlightsSytem.API.csproj", "{332B3C37-0804-437F-B458-7BC9D8C94872}"
EndProject
Global
	GlobalSection(SolutionConfigurationPlatforms) = preSolution
		Debug|Any CPU = Debug|Any CPU
		Release|Any CPU = Release|Any CPU
	EndGlobalSection
	GlobalSection(ProjectConfigurationPlatforms) = postSolution
		{332B3C37-0804-437F-B458-7BC9D8C94872}.Debug|Any CPU.ActiveCfg = Debug|Any CPU
		{332B3C37-0804-437F-B458-7BC9D8C94872}.Debug|Any CPU.Build.0 = Debug|Any CPU
		{332B3C37-0804-437F-B458-7BC9D8C94872}.Release|Any CPU.ActiveCfg = Release|Any CPU
		{332B3C37-0804-437F-B458-7BC9D8C94872}.Release|Any CPU.Build.0 = Release|Any CPU
	EndGlobalSection
	GlobalSection(SolutionProperties) = preSolution
		HideSolutionNode = FALSE
	EndGlobalSection
	GlobalSection(ExtensibilityGlobals) = postSolution
		SolutionGuid = {D0DE758B-F434-4D69-ACA4-2191CA156C31}
	EndGlobalSection
EndGlobal
